// !$*UTF8*$!
{
	archiveVersion = 1;
	classes = {
	};
	objectVersion = 56;
	objects = {

/* Begin PBXBuildFile section */
		51FEDCC1292E835E00A74880 /* ParentScene.swift in Sources */ = {isa = PBXBuildFile; fileRef = 51FEDCC0292E835E00A74880 /* ParentScene.swift */; };
		51FEDCC3292FA9D100A74880 /* sound.mp3 in Resources */ = {isa = PBXBuildFile; fileRef = 51FEDCC2292FA9D100A74880 /* sound.mp3 */; };
		848EA476290144CB00214343 /* Cookies.swift in Sources */ = {isa = PBXBuildFile; fileRef = 848EA475290144CB00214343 /* Cookies.swift */; };
		848EA47A290155C600214343 /* Main.storyboard in Resources */ = {isa = PBXBuildFile; fileRef = 848EA479290155C600214343 /* Main.storyboard */; };
		848EA47E2901596000214343 /* GameViewController.swift in Sources */ = {isa = PBXBuildFile; fileRef = 84D148D928F8111600A1586C /* GameViewController.swift */; };
		848EA4A729015E3800214343 /* HUD.swift in Sources */ = {isa = PBXBuildFile; fileRef = 848EA4A629015E3800214343 /* HUD.swift */; };
		848EA4A92901844F00214343 /* DetailScene.swift in Sources */ = {isa = PBXBuildFile; fileRef = 848EA4A82901844F00214343 /* DetailScene.swift */; };
		84D148D228F8111600A1586C /* AppDelegate.swift in Sources */ = {isa = PBXBuildFile; fileRef = 84D148D128F8111600A1586C /* AppDelegate.swift */; };
		84D148D428F8111600A1586C /* GameScene.sks in Resources */ = {isa = PBXBuildFile; fileRef = 84D148D328F8111600A1586C /* GameScene.sks */; };
		84D148D828F8111600A1586C /* MainScene.swift in Sources */ = {isa = PBXBuildFile; fileRef = 84D148D728F8111600A1586C /* MainScene.swift */; };
		84D148DF28F8111700A1586C /* Assets.xcassets in Resources */ = {isa = PBXBuildFile; fileRef = 84D148DE28F8111700A1586C /* Assets.xcassets */; };
		84D148E228F8111700A1586C /* LaunchScreen.storyboard in Resources */ = {isa = PBXBuildFile; fileRef = 84D148E028F8111700A1586C /* LaunchScreen.storyboard */; };
/* End PBXBuildFile section */

/* Begin PBXFileReference section */
		51FEDCC0292E835E00A74880 /* ParentScene.swift */ = {isa = PBXFileReference; lastKnownFileType = sourcecode.swift; path = ParentScene.swift; sourceTree = "<group>"; };
		51FEDCC2292FA9D100A74880 /* sound.mp3 */ = {isa = PBXFileReference; lastKnownFileType = audio.mp3; name = sound.mp3; path = ../../../../Downloads/sound.mp3; sourceTree = "<group>"; };
		848EA475290144CB00214343 /* Cookies.swift */ = {isa = PBXFileReference; lastKnownFileType = sourcecode.swift; path = Cookies.swift; sourceTree = "<group>"; };
		848EA479290155C600214343 /* Main.storyboard */ = {isa = PBXFileReference; lastKnownFileType = file.storyboard; path = Main.storyboard; sourceTree = "<group>"; };
		848EA4A629015E3800214343 /* HUD.swift */ = {isa = PBXFileReference; lastKnownFileType = sourcecode.swift; path = HUD.swift; sourceTree = "<group>"; };
		848EA4A82901844F00214343 /* DetailScene.swift */ = {isa = PBXFileReference; lastKnownFileType = sourcecode.swift; path = DetailScene.swift; sourceTree = "<group>"; };
		84D148CE28F8111600A1586C /* FortuneCookies.app */ = {isa = PBXFileReference; explicitFileType = wrapper.application; includeInIndex = 0; path = FortuneCookies.app; sourceTree = BUILT_PRODUCTS_DIR; };
		84D148D128F8111600A1586C /* AppDelegate.swift */ = {isa = PBXFileReference; lastKnownFileType = sourcecode.swift; path = AppDelegate.swift; sourceTree = "<group>"; };
		84D148D328F8111600A1586C /* GameScene.sks */ = {isa = PBXFileReference; lastKnownFileType = file.sks; path = GameScene.sks; sourceTree = "<group>"; };
		84D148D728F8111600A1586C /* MainScene.swift */ = {isa = PBXFileReference; lastKnownFileType = sourcecode.swift; path = MainScene.swift; sourceTree = "<group>"; };
		84D148D928F8111600A1586C /* GameViewController.swift */ = {isa = PBXFileReference; lastKnownFileType = sourcecode.swift; path = GameViewController.swift; sourceTree = "<group>"; };
		84D148DE28F8111700A1586C /* Assets.xcassets */ = {isa = PBXFileReference; lastKnownFileType = folder.assetcatalog; path = Assets.xcassets; sourceTree = "<group>"; };
		84D148E128F8111700A1586C /* Base */ = {isa = PBXFileReference; lastKnownFileType = file.storyboard; name = Base; path = Base.lproj/LaunchScreen.storyboard; sourceTree = "<group>"; };
/* End PBXFileReference section */

/* Begin PBXFrameworksBuildPhase section */
		84D148CB28F8111600A1586C /* Frameworks */ = {
			isa = PBXFrameworksBuildPhase;
			buildActionMask = 2147483647;
			files = (
			);
			runOnlyForDeploymentPostprocessing = 0;
		};
/* End PBXFrameworksBuildPhase section */

/* Begin PBXGroup section */
		84D03402290291ED004CB624 /* Scene */ = {
			isa = PBXGroup;
			children = (
				51FEDCC0292E835E00A74880 /* ParentScene.swift */,
				84D148D728F8111600A1586C /* MainScene.swift */,
				848EA4A82901844F00214343 /* DetailScene.swift */,
			);
			path = Scene;
			sourceTree = "<group>";
		};
		84D03403290291F6004CB624 /* Classes */ = {
			isa = PBXGroup;
			children = (
				848EA4A629015E3800214343 /* HUD.swift */,
				848EA475290144CB00214343 /* Cookies.swift */,
			);
			path = Classes;
			sourceTree = "<group>";
		};
		84D034042902920D004CB624 /* Support */ = {
			isa = PBXGroup;
			children = (
				51FEDCC2292FA9D100A74880 /* sound.mp3 */,
				84D148DE28F8111700A1586C /* Assets.xcassets */,
				84D148D128F8111600A1586C /* AppDelegate.swift */,
				84D148D928F8111600A1586C /* GameViewController.swift */,
				84D148D328F8111600A1586C /* GameScene.sks */,
				84D148E028F8111700A1586C /* LaunchScreen.storyboard */,
				848EA479290155C600214343 /* Main.storyboard */,
			);
			path = Support;
			sourceTree = "<group>";
		};
		84D148C528F8111600A1586C = {
			isa = PBXGroup;
			children = (
				84D148D028F8111600A1586C /* FortuneCookies */,
				84D148CF28F8111600A1586C /* Products */,
			);
			sourceTree = "<group>";
		};
		84D148CF28F8111600A1586C /* Products */ = {
			isa = PBXGroup;
			children = (
				84D148CE28F8111600A1586C /* FortuneCookies.app */,
			);
			name = Products;
			sourceTree = "<group>";
		};
		84D148D028F8111600A1586C /* FortuneCookies */ = {
			isa = PBXGroup;
			children = (
				84D03402290291ED004CB624 /* Scene */,
				84D03403290291F6004CB624 /* Classes */,
				84D034042902920D004CB624 /* Support */,
			);
			path = FortuneCookies;
			sourceTree = "<group>";
		};
/* End PBXGroup section */

/* Begin PBXNativeTarget section */
		84D148CD28F8111600A1586C /* FortuneCookies */ = {
			isa = PBXNativeTarget;
			buildConfigurationList = 84D148E528F8111700A1586C /* Build configuration list for PBXNativeTarget "FortuneCookies" */;
			buildPhases = (
				84D148CA28F8111600A1586C /* Sources */,
				84D148CB28F8111600A1586C /* Frameworks */,
				84D148CC28F8111600A1586C /* Resources */,
			);
			buildRules = (
			);
			dependencies = (
			);
			name = FortuneCookies;
			productName = FortuneCookies;
			productReference = 84D148CE28F8111600A1586C /* FortuneCookies.app */;
			productType = "com.apple.product-type.application";
		};
/* End PBXNativeTarget section */

/* Begin PBXProject section */
		84D148C628F8111600A1586C /* Project object */ = {
			isa = PBXProject;
			attributes = {
				BuildIndependentTargetsInParallel = 1;
				LastSwiftUpdateCheck = 1400;
				LastUpgradeCheck = 1400;
				TargetAttributes = {
					84D148CD28F8111600A1586C = {
						CreatedOnToolsVersion = 14.0.1;
					};
				};
			};
			buildConfigurationList = 84D148C928F8111600A1586C /* Build configuration list for PBXProject "FortuneCookies" */;
			compatibilityVersion = "Xcode 14.0";
			developmentRegion = en;
			hasScannedForEncodings = 0;
			knownRegions = (
				en,
				Base,
			);
			mainGroup = 84D148C528F8111600A1586C;
			productRefGroup = 84D148CF28F8111600A1586C /* Products */;
			projectDirPath = "";
			projectRoot = "";
			targets = (
				84D148CD28F8111600A1586C /* FortuneCookies */,
			);
		};
/* End PBXProject section */

/* Begin PBXResourcesBuildPhase section */
		84D148CC28F8111600A1586C /* Resources */ = {
			isa = PBXResourcesBuildPhase;
			buildActionMask = 2147483647;
			files = (
				84D148D428F8111600A1586C /* GameScene.sks in Resources */,
				51FEDCC3292FA9D100A74880 /* sound.mp3 in Resources */,
				84D148DF28F8111700A1586C /* Assets.xcassets in Resources */,
				84D148E228F8111700A1586C /* LaunchScreen.storyboard in Resources */,
				848EA47A290155C600214343 /* Main.storyboard in Resources */,
			);
			runOnlyForDeploymentPostprocessing = 0;
		};
/* End PBXResourcesBuildPhase section */

/* Begin PBXSourcesBuildPhase section */
		84D148CA28F8111600A1586C /* Sources */ = {
			isa = PBXSourcesBuildPhase;
			buildActionMask = 2147483647;
			files = (
				51FEDCC1292E835E00A74880 /* ParentScene.swift in Sources */,
				848EA47E2901596000214343 /* GameViewController.swift in Sources */,
				848EA4A729015E3800214343 /* HUD.swift in Sources */,
				84D148D828F8111600A1586C /* MainScene.swift in Sources */,
				848EA476290144CB00214343 /* Cookies.swift in Sources */,
				84D148D228F8111600A1586C /* AppDelegate.swift in Sources */,
				848EA4A92901844F00214343 /* DetailScene.swift in Sources */,
			);
			runOnlyForDeploymentPostprocessing = 0;
		};
/* End PBXSourcesBuildPhase section */

/* Begin PBXVariantGroup section */
		84D148E028F8111700A1586C /* LaunchScreen.storyboard */ = {
			isa = PBXVariantGroup;
			children = (
				84D148E128F8111700A1586C /* Base */,
			);
			name = LaunchScreen.storyboard;
			sourceTree = "<group>";
		};
/* End PBXVariantGroup section */

/* Begin XCBuildConfiguration section */
		84D148E328F8111700A1586C /* Debug */ = {
			isa = XCBuildConfiguration;
			buildSettings = {
				ALWAYS_SEARCH_USER_PATHS = NO;
				CLANG_ANALYZER_NONNULL = YES;
				CLANG_ANALYZER_NUMBER_OBJECT_CONVERSION = YES_AGGRESSIVE;
				CLANG_CXX_LANGUAGE_STANDARD = "gnu++20";
				CLANG_ENABLE_MODULES = YES;
				CLANG_ENABLE_OBJC_ARC = YES;
				CLANG_ENABLE_OBJC_WEAK = YES;
				CLANG_WARN_BLOCK_CAPTURE_AUTORELEASING = YES;
				CLANG_WARN_BOOL_CONVERSION = YES;
				CLANG_WARN_COMMA = YES;
				CLANG_WARN_CONSTANT_CONVERSION = YES;
				CLANG_WARN_DEPRECATED_OBJC_IMPLEMENTATIONS = YES;
				CLANG_WARN_DIRECT_OBJC_ISA_USAGE = YES_ERROR;
				CLANG_WARN_DOCUMENTATION_COMMENTS = YES;
				CLANG_WARN_EMPTY_BODY = YES;
				CLANG_WARN_ENUM_CONVERSION = YES;
				CLANG_WARN_INFINITE_RECURSION = YES;
				CLANG_WARN_INT_CONVERSION = YES;
				CLANG_WARN_NON_LITERAL_NULL_CONVERSION = YES;
				CLANG_WARN_OBJC_IMPLICIT_RETAIN_SELF = YES;
				CLANG_WARN_OBJC_LITERAL_CONVERSION = YES;
				CLANG_WARN_OBJC_ROOT_CLASS = YES_ERROR;
				CLANG_WARN_QUOTED_INCLUDE_IN_FRAMEWORK_HEADER = YES;
				CLANG_WARN_RANGE_LOOP_ANALYSIS = YES;
				CLANG_WARN_STRICT_PROTOTYPES = YES;
				CLANG_WARN_SUSPICIOUS_MOVE = YES;
				CLANG_WARN_UNGUARDED_AVAILABILITY = YES_AGGRESSIVE;
				CLANG_WARN_UNREACHABLE_CODE = YES;
				CLANG_WARN__DUPLICATE_METHOD_MATCH = YES;
				COPY_PHASE_STRIP = NO;
				DEBUG_INFORMATION_FORMAT = dwarf;
				ENABLE_STRICT_OBJC_MSGSEND = YES;
				ENABLE_TESTABILITY = YES;
				GCC_C_LANGUAGE_STANDARD = gnu11;
				GCC_DYNAMIC_NO_PIC = NO;
				GCC_NO_COMMON_BLOCKS = YES;
				GCC_OPTIMIZATION_LEVEL = 0;
				GCC_PREPROCESSOR_DEFINITIONS = (
					"DEBUG=1",
					"$(inherited)",
				);
				GCC_WARN_64_TO_32_BIT_CONVERSION = YES;
				GCC_WARN_ABOUT_RETURN_TYPE = YES_ERROR;
				GCC_WARN_UNDECLARED_SELECTOR = YES;
				GCC_WARN_UNINITIALIZED_AUTOS = YES_AGGRESSIVE;
				GCC_WARN_UNUSED_FUNCTION = YES;
				GCC_WARN_UNUSED_VARIABLE = YES;
				IPHONEOS_DEPLOYMENT_TARGET = 16.0;
				MTL_ENABLE_DEBUG_INFO = INCLUDE_SOURCE;
				MTL_FAST_MATH = YES;
				ONLY_ACTIVE_ARCH = YES;
				SDKROOT = iphoneos;
				SWIFT_ACTIVE_COMPILATION_CONDITIONS = DEBUG;
				SWIFT_OPTIMIZATION_LEVEL = "-Onone";
			};
			name = Debug;
		};
		84D148E428F8111700A1586C /* Release */ = {
			isa = XCBuildConfiguration;
			buildSettings = {
				ALWAYS_SEARCH_USER_PATHS = NO;
				CLANG_ANALYZER_NONNULL = YES;
				CLANG_ANALYZER_NUMBER_OBJECT_CONVERSION = YES_AGGRESSIVE;
				CLANG_CXX_LANGUAGE_STANDARD = "gnu++20";
				CLANG_ENABLE_MODULES = YES;
				CLANG_ENABLE_OBJC_ARC = YES;
				CLANG_ENABLE_OBJC_WEAK = YES;
				CLANG_WARN_BLOCK_CAPTURE_AUTORELEASING = YES;
				CLANG_WARN_BOOL_CONVERSION = YES;
				CLANG_WARN_COMMA = YES;
				CLANG_WARN_CONSTANT_CONVERSION = YES;
				CLANG_WARN_DEPRECATED_OBJC_IMPLEMENTATIONS = YES;
				CLANG_WARN_DIRECT_OBJC_ISA_USAGE = YES_ERROR;
				CLANG_WARN_DOCUMENTATION_COMMENTS = YES;
				CLANG_WARN_EMPTY_BODY = YES;
				CLANG_WARN_ENUM_CONVERSION = YES;
				CLANG_WARN_INFINITE_RECURSION = YES;
				CLANG_WARN_INT_CONVERSION = YES;
				CLANG_WARN_NON_LITERAL_NULL_CONVERSION = YES;
				CLANG_WARN_OBJC_IMPLICIT_RETAIN_SELF = YES;
				CLANG_WARN_OBJC_LITERAL_CONVERSION = YES;
				CLANG_WARN_OBJC_ROOT_CLASS = YES_ERROR;
				CLANG_WARN_QUOTED_INCLUDE_IN_FRAMEWORK_HEADER = YES;
				CLANG_WARN_RANGE_LOOP_ANALYSIS = YES;
				CLANG_WARN_STRICT_PROTOTYPES = YES;
				CLANG_WARN_SUSPICIOUS_MOVE = YES;
				CLANG_WARN_UNGUARDED_AVAILABILITY = YES_AGGRESSIVE;
				CLANG_WARN_UNREACHABLE_CODE = YES;
				CLANG_WARN__DUPLICATE_METHOD_MATCH = YES;
				COPY_PHASE_STRIP = NO;
				DEBUG_INFORMATION_FORMAT = "dwarf-with-dsym";
				ENABLE_NS_ASSERTIONS = NO;
				ENABLE_STRICT_OBJC_MSGSEND = YES;
				GCC_C_LANGUAGE_STANDARD = gnu11;
				GCC_NO_COMMON_BLOCKS = YES;
				GCC_WARN_64_TO_32_BIT_CONVERSION = YES;
				GCC_WARN_ABOUT_RETURN_TYPE = YES_ERROR;
				GCC_WARN_UNDECLARED_SELECTOR = YES;
				GCC_WARN_UNINITIALIZED_AUTOS = YES_AGGRESSIVE;
				GCC_WARN_UNUSED_FUNCTION = YES;
				GCC_WARN_UNUSED_VARIABLE = YES;
				IPHONEOS_DEPLOYMENT_TARGET = 16.0;
				MTL_ENABLE_DEBUG_INFO = NO;
				MTL_FAST_MATH = YES;
				SDKROOT = iphoneos;
				SWIFT_COMPILATION_MODE = wholemodule;
				SWIFT_OPTIMIZATION_LEVEL = "-O";
				VALIDATE_PRODUCT = YES;
			};
			name = Release;
		};
		84D148E628F8111700A1586C /* Debug */ = {
			isa = XCBuildConfiguration;
			buildSettings = {
				ASSETCATALOG_COMPILER_APPICON_NAME = AppIcon;
				ASSETCATALOG_COMPILER_GLOBAL_ACCENT_COLOR_NAME = AccentColor;
				CODE_SIGN_STYLE = Automatic;
				CURRENT_PROJECT_VERSION = 1;
				DEVELOPMENT_TEAM = QDDTUPX3P5;
				GENERATE_INFOPLIST_FILE = YES;
				INFOPLIST_KEY_CFBundleDisplayName = "Cookie!";
				INFOPLIST_KEY_UIApplicationSupportsIndirectInputEvents = YES;
				INFOPLIST_KEY_UILaunchStoryboardName = LaunchScreen;
				INFOPLIST_KEY_UIMainStoryboardFile = Main;
				INFOPLIST_KEY_UIStatusBarHidden = YES;
				INFOPLIST_KEY_UISupportedInterfaceOrientations_iPad = "UIInterfaceOrientationPortrait UIInterfaceOrientationPortraitUpsideDown UIInterfaceOrientationLandscapeLeft UIInterfaceOrientationLandscapeRight";
				INFOPLIST_KEY_UISupportedInterfaceOrientations_iPhone = "UIInterfaceOrientationPortrait UIInterfaceOrientationLandscapeLeft UIInterfaceOrientationLandscapeRight";
				LD_RUNPATH_SEARCH_PATHS = (
					"$(inherited)",
					"@executable_path/Frameworks",
				);
				MARKETING_VERSION = 1.0;
				PRODUCT_BUNDLE_IDENTIFIER = anastasiia.muntianu.FortuneCookies;
				PRODUCT_NAME = "$(TARGET_NAME)";
				SUPPORTED_PLATFORMS = "iphoneos iphonesimulator";
				SUPPORTS_MACCATALYST = NO;
				SUPPORTS_MAC_DESIGNED_FOR_IPHONE_IPAD = NO;
				SWIFT_EMIT_LOC_STRINGS = YES;
				SWIFT_VERSION = 5.0;
				TARGETED_DEVICE_FAMILY = 1;
			};
			name = Debug;
		};
		84D148E728F8111700A1586C /* Release */ = {
			isa = XCBuildConfiguration;
			buildSettings = {
				ASSETCATALOG_COMPILER_APPICON_NAME = AppIcon;
				ASSETCATALOG_COMPILER_GLOBAL_ACCENT_COLOR_NAME = AccentColor;
				CODE_SIGN_STYLE = Automatic;
				CURRENT_PROJECT_VERSION = 1;
				DEVELOPMENT_TEAM = QDDTUPX3P5;
				GENERATE_INFOPLIST_FILE = YES;
				INFOPLIST_KEY_CFBundleDisplayName = "Cookie!";
				INFOPLIST_KEY_UIApplicationSupportsIndirectInputEvents = YES;
				INFOPLIST_KEY_UILaunchStoryboardName = LaunchScreen;
				INFOPLIST_KEY_UIMainStoryboardFile = Main;
				INFOPLIST_KEY_UIStatusBarHidden = YES;
				INFOPLIST_KEY_UISupportedInterfaceOrientations_iPad = "UIInterfaceOrientationPortrait UIInterfaceOrientationPortraitUpsideDown UIInterfaceOrientationLandscapeLeft UIInterfaceOrientationLandscapeRight";
				INFOPLIST_KEY_UISupportedInterfaceOrientations_iPhone = "UIInterfaceOrientationPortrait UIInterfaceOrientationLandscapeLeft UIInterfaceOrientationLandscapeRight";
				LD_RUNPATH_SEARCH_PATHS = (
					"$(inherited)",
					"@executable_path/Frameworks",
				);
				MARKETING_VERSION = 1.0;
				PRODUCT_BUNDLE_IDENTIFIER = anastasiia.muntianu.FortuneCookies;
				PRODUCT_NAME = "$(TARGET_NAME)";
				SUPPORTED_PLATFORMS = "iphoneos iphonesimulator";
				SUPPORTS_MACCATALYST = NO;
				SUPPORTS_MAC_DESIGNED_FOR_IPHONE_IPAD = NO;
				SWIFT_EMIT_LOC_STRINGS = YES;
				SWIFT_VERSION = 5.0;
				TARGETED_DEVICE_FAMILY = 1;
			};
			name = Release;
		};
/* End XCBuildConfiguration section */

/* Begin XCConfigurationList section */
		84D148C928F8111600A1586C /* Build configuration list for PBXProject "FortuneCookies" */ = {
			isa = XCConfigurationList;
			buildConfigurations = (
				84D148E328F8111700A1586C /* Debug */,
				84D148E428F8111700A1586C /* Release */,
			);
			defaultConfigurationIsVisible = 0;
			defaultConfigurationName = Release;
		};
		84D148E528F8111700A1586C /* Build configuration list for PBXNativeTarget "FortuneCookies" */ = {
			isa = XCConfigurationList;
			buildConfigurations = (
				84D148E628F8111700A1586C /* Debug */,
				84D148E728F8111700A1586C /* Release */,
			);
			defaultConfigurationIsVisible = 0;
			defaultConfigurationName = Release;
		};
/* End XCConfigurationList section */
	};
	rootObject = 84D148C628F8111600A1586C /* Project object */;
}
